// !$*UTF8*$!
{
	archiveVersion = 1;
	classes = {
	};
	objectVersion = 46;
	objects = {

/* Begin PBXBuildFile section */
		A2AD5BA41B60B0CE00F98845 /* AppDelegate.m in Sources */ = {isa = PBXBuildFile; fileRef = A2AD5BA31B60B0CE00F98845 /* AppDelegate.m */; };
		A2AD5BA71B60B0CE00F98845 /* main.m in Sources */ = {isa = PBXBuildFile; fileRef = A2AD5BA61B60B0CE00F98845 /* main.m */; };
		A2AD5BAA1B60B0CE00F98845 /* GameViewController.m in Sources */ = {isa = PBXBuildFile; fileRef = A2AD5BA91B60B0CE00F98845 /* GameViewController.m */; };
		A2AD5BAC1B60B0CE00F98845 /* Shaders.metal in Sources */ = {isa = PBXBuildFile; fileRef = A2AD5BAB1B60B0CE00F98845 /* Shaders.metal */; };
		A2AD5BAF1B60B0CF00F98845 /* Assets.xcassets in Resources */ = {isa = PBXBuildFile; fileRef = A2AD5BAE1B60B0CF00F98845 /* Assets.xcassets */; };
		A2AD5BB21B60B0CF00F98845 /* MainMenu.xib in Resources */ = {isa = PBXBuildFile; fileRef = A2AD5BB01B60B0CF00F98845 /* MainMenu.xib */; };
/* End PBXBuildFile section */

/* Begin PBXFileReference section */
		A2AD5B9F1B60B0CE00F98845 /* MetalSamples.app */ = {isa = PBXFileReference; explicitFileType = wrapper.application; includeInIndex = 0; path = MetalSamples.app; sourceTree = BUILT_PRODUCTS_DIR; };
		A2AD5BA21B60B0CE00F98845 /* AppDelegate.h */ = {isa = PBXFileReference; lastKnownFileType = sourcecode.c.h; path = AppDelegate.h; sourceTree = "<group>"; };
		A2AD5BA31B60B0CE00F98845 /* AppDelegate.m */ = {isa = PBXFileReference; lastKnownFileType = sourcecode.c.objc; path = AppDelegate.m; sourceTree = "<group>"; };
		A2AD5BA61B60B0CE00F98845 /* main.m */ = {isa = PBXFileReference; lastKnownFileType = sourcecode.c.objc; path = main.m; sourceTree = "<group>"; };
		A2AD5BA81B60B0CE00F98845 /* GameViewController.h */ = {isa = PBXFileReference; lastKnownFileType = sourcecode.c.h; path = GameViewController.h; sourceTree = "<group>"; };
		A2AD5BA91B60B0CE00F98845 /* GameViewController.m */ = {isa = PBXFileReference; lastKnownFileType = sourcecode.c.objc; path = GameViewController.m; sourceTree = "<group>"; };
		A2AD5BAB1B60B0CE00F98845 /* Shaders.metal */ = {isa = PBXFileReference; lastKnownFileType = sourcecode.metal; path = Shaders.metal; sourceTree = "<group>"; };
		A2AD5BAD1B60B0CE00F98845 /* SharedStructures.h */ = {isa = PBXFileReference; lastKnownFileType = sourcecode.c.h; path = SharedStructures.h; sourceTree = "<group>"; };
		A2AD5BAE1B60B0CF00F98845 /* Assets.xcassets */ = {isa = PBXFileReference; lastKnownFileType = folder.assetcatalog; path = Assets.xcassets; sourceTree = "<group>"; };
		A2AD5BB11B60B0CF00F98845 /* Base */ = {isa = PBXFileReference; lastKnownFileType = file.xib; name = Base; path = Base.lproj/MainMenu.xib; sourceTree = "<group>"; };
		A2AD5BB31B60B0CF00F98845 /* Info.plist */ = {isa = PBXFileReference; lastKnownFileType = text.plist.xml; path = Info.plist; sourceTree = "<group>"; };
/* End PBXFileReference section */

/* Begin PBXFrameworksBuildPhase section */
		A2AD5B9C1B60B0CE00F98845 /* Frameworks */ = {
			isa = PBXFrameworksBuildPhase;
			buildActionMask = 2147483647;
			files = (
			);
			runOnlyForDeploymentPostprocessing = 0;
		};
/* End PBXFrameworksBuildPhase section */

/* Begin PBXGroup section */
		A2AD5B961B60B0CE00F98845 = {
			isa = PBXGroup;
			children = (
				A2AD5BA11B60B0CE00F98845 /* MetalSamples */,
				A2AD5BA01B60B0CE00F98845 /* Products */,
			);
			sourceTree = "<group>";
		};
		A2AD5BA01B60B0CE00F98845 /* Products */ = {
			isa = PBXGroup;
			children = (
				A2AD5B9F1B60B0CE00F98845 /* MetalSamples.app */,
			);
			name = Products;
			sourceTree = "<group>";
		};
		A2AD5BA11B60B0CE00F98845 /* MetalSamples */ = {
			isa = PBXGroup;
			children = (
				A2AD5BA21B60B0CE00F98845 /* AppDelegate.h */,
				A2AD5BA31B60B0CE00F98845 /* AppDelegate.m */,
				A2AD5BA81B60B0CE00F98845 /* GameViewController.h */,
				A2AD5BA91B60B0CE00F98845 /* GameViewController.m */,
				A2AD5BAB1B60B0CE00F98845 /* Shaders.metal */,
				A2AD5BAD1B60B0CE00F98845 /* SharedStructures.h */,
				A2AD5BAE1B60B0CF00F98845 /* Assets.xcassets */,
				A2AD5BB01B60B0CF00F98845 /* MainMenu.xib */,
				A2AD5BB31B60B0CF00F98845 /* Info.plist */,
				A2AD5BA51B60B0CE00F98845 /* Supporting Files */,
			);
			path = MetalSamples;
			sourceTree = "<group>";
		};
		A2AD5BA51B60B0CE00F98845 /* Supporting Files */ = {
			isa = PBXGroup;
			children = (
				A2AD5BA61B60B0CE00F98845 /* main.m */,
			);
			name = "Supporting Files";
			sourceTree = "<group>";
		};
/* End PBXGroup section */

/* Begin PBXNativeTarget section */
		A2AD5B9E1B60B0CE00F98845 /* MetalSamples */ = {
			isa = PBXNativeTarget;
			buildConfigurationList = A2AD5BB61B60B0CF00F98845 /* Build configuration list for PBXNativeTarget "MetalSamples" */;
			buildPhases = (
				A2AD5B9B1B60B0CE00F98845 /* Sources */,
				A2AD5B9C1B60B0CE00F98845 /* Frameworks */,
				A2AD5B9D1B60B0CE00F98845 /* Resources */,
			);
			buildRules = (
			);
			dependencies = (
			);
			name = MetalSamples;
			productName = MetalSamples;
			productReference = A2AD5B9F1B60B0CE00F98845 /* MetalSamples.app */;
			productType = "com.apple.product-type.application";
		};
/* End PBXNativeTarget section */

/* Begin PBXProject section */
		A2AD5B971B60B0CE00F98845 /* Project object */ = {
			isa = PBXProject;
			attributes = {
				LastUpgradeCheck = 0700;
				ORGANIZATIONNAME = Codepro;
				TargetAttributes = {
					A2AD5B9E1B60B0CE00F98845 = {
						CreatedOnToolsVersion = 7.0;
					};
				};
			};
			buildConfigurationList = A2AD5B9A1B60B0CE00F98845 /* Build configuration list for PBXProject "MetalSamples" */;
			compatibilityVersion = "Xcode 3.2";
			developmentRegion = English;
			hasScannedForEncodings = 0;
			knownRegions = (
				en,
				Base,
			);
			mainGroup = A2AD5B961B60B0CE00F98845;
			productRefGroup = A2AD5BA01B60B0CE00F98845 /* Products */;
			projectDirPath = "";
			projectRoot = "";
			targets = (
				A2AD5B9E1B60B0CE00F98845 /* MetalSamples */,
			);
		};
/* End PBXProject section */

/* Begin PBXResourcesBuildPhase section */
		A2AD5B9D1B60B0CE00F98845 /* Resources */ = {
			isa = PBXResourcesBuildPhase;
			buildActionMask = 2147483647;
			files = (
				A2AD5BAF1B60B0CF00F98845 /* Assets.xcassets in Resources */,
				A2AD5BB21B60B0CF00F98845 /* MainMenu.xib in Resources */,
			);
			runOnlyForDeploymentPostprocessing = 0;
		};
/* End PBXResourcesBuildPhase section */

/* Begin PBXSourcesBuildPhase section */
		A2AD5B9B1B60B0CE00F98845 /* Sources */ = {
			isa = PBXSourcesBuildPhase;
			buildActionMask = 2147483647;
			files = (
				A2AD5BAC1B60B0CE00F98845 /* Shaders.metal in Sources */,
				A2AD5BA71B60B0CE00F98845 /* main.m in Sources */,
				A2AD5BAA1B60B0CE00F98845 /* GameViewController.m in Sources */,
				A2AD5BA41B60B0CE00F98845 /* AppDelegate.m in Sources */,
			);
			runOnlyForDeploymentPostprocessing = 0;
		};
/* End PBXSourcesBuildPhase section */

/* Begin PBXVariantGroup section */
		A2AD5BB01B60B0CF00F98845 /* MainMenu.xib */ = {
			isa = PBXVariantGroup;
			children = (
				A2AD5BB11B60B0CF00F98845 /* Base */,
			);
			name = MainMenu.xib;
			sourceTree = "<group>";
		};
/* End PBXVariantGroup section */

/* Begin XCBuildConfiguration section */
		A2AD5BB41B60B0CF00F98845 /* Debug */ = {
			isa = XCBuildConfiguration;
			buildSettings = {
				ALWAYS_SEARCH_USER_PATHS = NO;
				CLANG_CXX_LANGUAGE_STANDARD = "gnu++0x";
				CLANG_CXX_LIBRARY = "libc++";
				CLANG_ENABLE_MODULES = YES;
				CLANG_ENABLE_OBJC_ARC = YES;
				CLANG_WARN_BOOL_CONVERSION = YES;
				CLANG_WARN_CONSTANT_CONVERSION = YES;
				CLANG_WARN_DIRECT_OBJC_ISA_USAGE = YES_ERROR;
				CLANG_WARN_EMPTY_BODY = YES;
				CLANG_WARN_ENUM_CONVERSION = YES;
				CLANG_WARN_INT_CONVERSION = YES;
				CLANG_WARN_OBJC_ROOT_CLASS = YES_ERROR;
				CLANG_WARN_UNREACHABLE_CODE = YES;
				CLANG_WARN__DUPLICATE_METHOD_MATCH = YES;
				CODE_SIGN_IDENTITY = "-";
				COPY_PHASE_STRIP = NO;
				DEBUG_INFORMATION_FORMAT = dwarf;
				ENABLE_STRICT_OBJC_MSGSEND = YES;
				ENABLE_TESTABILITY = YES;
				GCC_C_LANGUAGE_STANDARD = gnu99;
				GCC_DYNAMIC_NO_PIC = NO;
				GCC_NO_COMMON_BLOCKS = YES;
				GCC_OPTIMIZATION_LEVEL = 0;
				GCC_PREPROCESSOR_DEFINITIONS = (
					"DEBUG=1",
					"$(inherited)",
				);
				GCC_WARN_64_TO_32_BIT_CONVERSION = YES;
				GCC_WARN_ABOUT_RETURN_TYPE = YES_ERROR;
				GCC_WARN_UNDECLARED_SELECTOR = YES;
				GCC_WARN_UNINITIALIZED_AUTOS = YES_AGGRESSIVE;
				GCC_WARN_UNUSED_FUNCTION = YES;
				GCC_WARN_UNUSED_VARIABLE = YES;
				MACOSX_DEPLOYMENT_TARGET = 10.11;
				MTL_ENABLE_DEBUG_INFO = YES;
				ONLY_ACTIVE_ARCH = YES;
				SDKROOT = macosx;
			};
			name = Debug;
		};
		A2AD5BB51B60B0CF00F98845 /* Release */ = {
			isa = XCBuildConfiguration;
			buildSettings = {
				ALWAYS_SEARCH_USER_PATHS = NO;
				CLANG_CXX_LANGUAGE_STANDARD = "gnu++0x";
				CLANG_CXX_LIBRARY = "libc++";
				CLANG_ENABLE_MODULES = YES;
				CLANG_ENABLE_OBJC_ARC = YES;
				CLANG_WARN_BOOL_CONVERSION = YES;
				CLANG_WARN_CONSTANT_CONVERSION = YES;
				CLANG_WARN_DIRECT_OBJC_ISA_USAGE = YES_ERROR;
				CLANG_WARN_EMPTY_BODY = YES;
				CLANG_WARN_ENUM_CONVERSION = YES;
				CLANG_WARN_INT_CONVERSION = YES;
				CLANG_WARN_OBJC_ROOT_CLASS = YES_ERROR;
				CLANG_WARN_UNREACHABLE_CODE = YES;
				CLANG_WARN__DUPLICATE_METHOD_MATCH = YES;
				CODE_SIGN_IDENTITY = "-";
				COPY_PHASE_STRIP = NO;
				DEBUG_INFORMATION_FORMAT = "dwarf-with-dsym";
				ENABLE_NS_ASSERTIONS = NO;
				ENABLE_STRICT_OBJC_MSGSEND = YES;
				GCC_C_LANGUAGE_STANDARD = gnu99;
				GCC_NO_COMMON_BLOCKS = YES;
				GCC_WARN_64_TO_32_BIT_CONVERSION = YES;
				GCC_WARN_ABOUT_RETURN_TYPE = YES_ERROR;
				GCC_WARN_UNDECLARED_SELECTOR = YES;
				GCC_WARN_UNINITIALIZED_AUTOS = YES_AGGRESSIVE;
				GCC_WARN_UNUSED_FUNCTION = YES;
				GCC_WARN_UNUSED_VARIABLE = YES;
				MACOSX_DEPLOYMENT_TARGET = 10.11;
				MTL_ENABLE_DEBUG_INFO = NO;
				SDKROOT = macosx;
			};
			name = Release;
		};
		A2AD5BB71B60B0CF00F98845 /* Debug */ = {
			isa = XCBuildConfiguration;
			buildSettings = {
				ASSETCATALOG_COMPILER_APPICON_NAME = AppIcon;
				COMBINE_HIDPI_IMAGES = YES;
				INFOPLIST_FILE = MetalSamples/Info.plist;
				LD_RUNPATH_SEARCH_PATHS = "$(inherited) @executable_path/../Frameworks";
				PRODUCT_BUNDLE_IDENTIFIER = codepro.MetalSamples;
				PRODUCT_NAME = "$(TARGET_NAME)";
			};
			name = Debug;
		};
		A2AD5BB81B60B0CF00F98845 /* Release */ = {
			isa = XCBuildConfiguration;
			buildSettings = {
				ASSETCATALOG_COMPILER_APPICON_NAME = AppIcon;
				COMBINE_HIDPI_IMAGES = YES;
				INFOPLIST_FILE = MetalSamples/Info.plist;
				LD_RUNPATH_SEARCH_PATHS = "$(inherited) @executable_path/../Frameworks";
				PRODUCT_BUNDLE_IDENTIFIER = codepro.MetalSamples;
				PRODUCT_NAME = "$(TARGET_NAME)";
			};
			name = Release;
		};
/* End XCBuildConfiguration section */

/* Begin XCConfigurationList section */
		A2AD5B9A1B60B0CE00F98845 /* Build configuration list for PBXProject "MetalSamples" */ = {
			isa = XCConfigurationList;
			buildConfigurations = (
				A2AD5BB41B60B0CF00F98845 /* Debug */,
				A2AD5BB51B60B0CF00F98845 /* Release */,
			);
			defaultConfigurationIsVisible = 0;
			defaultConfigurationName = Release;
		};
		A2AD5BB61B60B0CF00F98845 /* Build configuration list for PBXNativeTarget "MetalSamples" */ = {
			isa = XCConfigurationList;
			buildConfigurations = (
				A2AD5BB71B60B0CF00F98845 /* Debug */,
				A2AD5BB81B60B0CF00F98845 /* Release */,
			);
			defaultConfigurationIsVisible = 0;
		};
/* End XCConfigurationList section */
	};
	rootObject = A2AD5B971B60B0CE00F98845 /* Project object */;
}
